
Microsoft Visual Studio Solution File, Format Version 12.00
# Visual Studio Version 16
VisualStudioVersion = 16.0.32228.343
MinimumVisualStudioVersion = 10.0.40219.1
Project("{F184B08F-C81C-45F6-A57F-5ABD9991F28F}") = "Tracking Information System 2022", "Tracking Information System 2022\Tracking Information System 2022.vbproj", "{5943397D-EC49-481C-8361-462C97E9F98D}"
EndProject
Global
	GlobalSection(SolutionConfigurationPlatforms) = preSolution
		Debug|Any CPU = Debug|Any CPU
		Release|Any CPU = Release|Any CPU
	EndGlobalSection
	GlobalSection(ProjectConfigurationPlatforms) = postSolution
		{5943397D-EC49-481C-8361-462C97E9F98D}.Debug|Any CPU.ActiveCfg = Debug|Any CPU
		{5943397D-EC49-481C-8361-462C97E9F98D}.Debug|Any CPU.Build.0 = Debug|Any CPU
		{5943397D-EC49-481C-8361-462C97E9F98D}.Release|Any CPU.ActiveCfg = Release|Any CPU
		{5943397D-EC49-481C-8361-462C97E9F98D}.Release|Any CPU.Build.0 = Release|Any CPU
	EndGlobalSection
	GlobalSection(SolutionProperties) = preSolution
		HideSolutionNode = FALSE
	EndGlobalSection
	GlobalSection(ExtensibilityGlobals) = postSolution
		SolutionGuid = {06B267CC-A668-455A-9D9F-CA2EFF62D7C4}
	EndGlobalSection
EndGlobal
